
Microsoft Visual Studio Solution File, Format Version 12.00
# Visual Studio Version 16
VisualStudioVersion = 16.0.29201.188
MinimumVisualStudioVersion = 15.0.26124.0
Project("{2150E333-8FDC-42A3-9474-1A3956D46DE8}") = "src", "src", "{87E0B9FA-F621-4747-9B20-7AEB47B290DE}"
EndProject
Project("{6EC3EE1D-3C4E-46DD-8F32-0CC8E7565705}") = "PokemonChartApi", "src\PokemonChartApi\PokemonChartApi.fsproj", "{DCC8916A-DD7B-4D96-897F-54EBCBF3FE2F}"
EndProject
Project("{6EC3EE1D-3C4E-46DD-8F32-0CC8E7565705}") = "DbService", "src\DbService\DbService.fsproj", "{974EA343-EF1A-49BB-91E1-DEDAC6B34875}"
EndProject
Project("{9A19103F-16F7-4668-BE54-9A1E7A4F7556}") = "DbRepository", "src\DbRepository\DbRepository.csproj", "{DD759A5A-63EF-4763-B57B-6C4A05D02D49}"
EndProject
Global
	GlobalSection(SolutionConfigurationPlatforms) = preSolution
		Debug|Any CPU = Debug|Any CPU
		Debug|x64 = Debug|x64
		Debug|x86 = Debug|x86
		Release|Any CPU = Release|Any CPU
		Release|x64 = Release|x64
		Release|x86 = Release|x86
	EndGlobalSection
	GlobalSection(ProjectConfigurationPlatforms) = postSolution
		{DCC8916A-DD7B-4D96-897F-54EBCBF3FE2F}.Debug|Any CPU.ActiveCfg = Debug|Any CPU
		{DCC8916A-DD7B-4D96-897F-54EBCBF3FE2F}.Debug|Any CPU.Build.0 = Debug|Any CPU
		{DCC8916A-DD7B-4D96-897F-54EBCBF3FE2F}.Debug|x64.ActiveCfg = Debug|Any CPU
		{DCC8916A-DD7B-4D96-897F-54EBCBF3FE2F}.Debug|x64.Build.0 = Debug|Any CPU
		{DCC8916A-DD7B-4D96-897F-54EBCBF3FE2F}.Debug|x86.ActiveCfg = Debug|Any CPU
		{DCC8916A-DD7B-4D96-897F-54EBCBF3FE2F}.Debug|x86.Build.0 = Debug|Any CPU
		{DCC8916A-DD7B-4D96-897F-54EBCBF3FE2F}.Release|Any CPU.ActiveCfg = Release|Any CPU
		{DCC8916A-DD7B-4D96-897F-54EBCBF3FE2F}.Release|Any CPU.Build.0 = Release|Any CPU
		{DCC8916A-DD7B-4D96-897F-54EBCBF3FE2F}.Release|x64.ActiveCfg = Release|Any CPU
		{DCC8916A-DD7B-4D96-897F-54EBCBF3FE2F}.Release|x64.Build.0 = Release|Any CPU
		{DCC8916A-DD7B-4D96-897F-54EBCBF3FE2F}.Release|x86.ActiveCfg = Release|Any CPU
		{DCC8916A-DD7B-4D96-897F-54EBCBF3FE2F}.Release|x86.Build.0 = Release|Any CPU
		{974EA343-EF1A-49BB-91E1-DEDAC6B34875}.Debug|Any CPU.ActiveCfg = Debug|Any CPU
		{974EA343-EF1A-49BB-91E1-DEDAC6B34875}.Debug|Any CPU.Build.0 = Debug|Any CPU
		{974EA343-EF1A-49BB-91E1-DEDAC6B34875}.Debug|x64.ActiveCfg = Debug|Any CPU
		{974EA343-EF1A-49BB-91E1-DEDAC6B34875}.Debug|x64.Build.0 = Debug|Any CPU
		{974EA343-EF1A-49BB-91E1-DEDAC6B34875}.Debug|x86.ActiveCfg = Debug|Any CPU
		{974EA343-EF1A-49BB-91E1-DEDAC6B34875}.Debug|x86.Build.0 = Debug|Any CPU
		{974EA343-EF1A-49BB-91E1-DEDAC6B34875}.Release|Any CPU.ActiveCfg = Release|Any CPU
		{974EA343-EF1A-49BB-91E1-DEDAC6B34875}.Release|Any CPU.Build.0 = Release|Any CPU
		{974EA343-EF1A-49BB-91E1-DEDAC6B34875}.Release|x64.ActiveCfg = Release|Any CPU
		{974EA343-EF1A-49BB-91E1-DEDAC6B34875}.Release|x64.Build.0 = Release|Any CPU
		{974EA343-EF1A-49BB-91E1-DEDAC6B34875}.Release|x86.ActiveCfg = Release|Any CPU
		{974EA343-EF1A-49BB-91E1-DEDAC6B34875}.Release|x86.Build.0 = Release|Any CPU
		{DD759A5A-63EF-4763-B57B-6C4A05D02D49}.Debug|Any CPU.ActiveCfg = Debug|Any CPU
		{DD759A5A-63EF-4763-B57B-6C4A05D02D49}.Debug|Any CPU.Build.0 = Debug|Any CPU
		{DD759A5A-63EF-4763-B57B-6C4A05D02D49}.Debug|x64.ActiveCfg = Debug|Any CPU
		{DD759A5A-63EF-4763-B57B-6C4A05D02D49}.Debug|x64.Build.0 = Debug|Any CPU
		{DD759A5A-63EF-4763-B57B-6C4A05D02D49}.Debug|x86.ActiveCfg = Debug|Any CPU
		{DD759A5A-63EF-4763-B57B-6C4A05D02D49}.Debug|x86.Build.0 = Debug|Any CPU
		{DD759A5A-63EF-4763-B57B-6C4A05D02D49}.Release|Any CPU.ActiveCfg = Release|Any CPU
		{DD759A5A-63EF-4763-B57B-6C4A05D02D49}.Release|Any CPU.Build.0 = Release|Any CPU
		{DD759A5A-63EF-4763-B57B-6C4A05D02D49}.Release|x64.ActiveCfg = Release|Any CPU
		{DD759A5A-63EF-4763-B57B-6C4A05D02D49}.Release|x64.Build.0 = Release|Any CPU
		{DD759A5A-63EF-4763-B57B-6C4A05D02D49}.Release|x86.ActiveCfg = Release|Any CPU
		{DD759A5A-63EF-4763-B57B-6C4A05D02D49}.Release|x86.Build.0 = Release|Any CPU
	EndGlobalSection
	GlobalSection(SolutionProperties) = preSolution
		HideSolutionNode = FALSE
	EndGlobalSection
	GlobalSection(NestedProjects) = preSolution
		{DCC8916A-DD7B-4D96-897F-54EBCBF3FE2F} = {87E0B9FA-F621-4747-9B20-7AEB47B290DE}
		{974EA343-EF1A-49BB-91E1-DEDAC6B34875} = {87E0B9FA-F621-4747-9B20-7AEB47B290DE}
		{DD759A5A-63EF-4763-B57B-6C4A05D02D49} = {87E0B9FA-F621-4747-9B20-7AEB47B290DE}
	EndGlobalSection
	GlobalSection(ExtensibilityGlobals) = postSolution
		SolutionGuid = {C3C9B556-17F9-4C27-B08A-F24AF15EBBE1}
	EndGlobalSection
EndGlobal
